
Microsoft Visual Studio Solution File, Format Version 12.00
# Visual Studio 15
VisualStudioVersion = 15.0.28307.329
MinimumVisualStudioVersion = 10.0.40219.1
Project("{FAE04EC0-301F-11D3-BF4B-00C04F79EFBC}") = "Dracaena", "Dracaena\Dracaena.csproj", "{015AB909-BA19-4659-973E-548E6AD96FC8}"
EndProject
Project("{FAE04EC0-301F-11D3-BF4B-00C04F79EFBC}") = "glTFIO", "glTFIO\glTFIO.csproj", "{EE9F06B7-8014-487E-B49A-808DF44D5580}"
EndProject
Project("{FAE04EC0-301F-11D3-BF4B-00C04F79EFBC}") = "glTFIOTest", "glTFIOTest\glTFIOTest.csproj", "{DAE3E911-8A48-4EB1-87C0-C29A9573D485}"
EndProject
Global
	GlobalSection(SolutionConfigurationPlatforms) = preSolution
		Debug|Any CPU = Debug|Any CPU
		Release|Any CPU = Release|Any CPU
	EndGlobalSection
	GlobalSection(ProjectConfigurationPlatforms) = postSolution
		{015AB909-BA19-4659-973E-548E6AD96FC8}.Debug|Any CPU.ActiveCfg = Debug|Any CPU
		{015AB909-BA19-4659-973E-548E6AD96FC8}.Debug|Any CPU.Build.0 = Debug|Any CPU
		{015AB909-BA19-4659-973E-548E6AD96FC8}.Release|Any CPU.ActiveCfg = Release|Any CPU
		{015AB909-BA19-4659-973E-548E6AD96FC8}.Release|Any CPU.Build.0 = Release|Any CPU
		{EE9F06B7-8014-487E-B49A-808DF44D5580}.Debug|Any CPU.ActiveCfg = Debug|Any CPU
		{EE9F06B7-8014-487E-B49A-808DF44D5580}.Debug|Any CPU.Build.0 = Debug|Any CPU
		{EE9F06B7-8014-487E-B49A-808DF44D5580}.Release|Any CPU.ActiveCfg = Release|Any CPU
		{EE9F06B7-8014-487E-B49A-808DF44D5580}.Release|Any CPU.Build.0 = Release|Any CPU
		{DAE3E911-8A48-4EB1-87C0-C29A9573D485}.Debug|Any CPU.ActiveCfg = Debug|Any CPU
		{DAE3E911-8A48-4EB1-87C0-C29A9573D485}.Debug|Any CPU.Build.0 = Debug|Any CPU
		{DAE3E911-8A48-4EB1-87C0-C29A9573D485}.Release|Any CPU.ActiveCfg = Release|Any CPU
		{DAE3E911-8A48-4EB1-87C0-C29A9573D485}.Release|Any CPU.Build.0 = Release|Any CPU
	EndGlobalSection
	GlobalSection(SolutionProperties) = preSolution
		HideSolutionNode = FALSE
	EndGlobalSection
	GlobalSection(ExtensibilityGlobals) = postSolution
		SolutionGuid = {47ACCCA2-FBE6-4E8B-AEA4-EA97FD843830}
	EndGlobalSection
EndGlobal
